
Microsoft Visual Studio Solution File, Format Version 12.00
# Visual Studio Version 17
VisualStudioVersion = 17.9.34723.18
MinimumVisualStudioVersion = 10.0.40219.1
Project("{FAE04EC0-301F-11D3-BF4B-00C04F79EFBC}") = "GenerateTreeFolder", "GenerateTreeFolder\GenerateTreeFolder.csproj", "{B28A16A8-E9D6-44A1-BB27-2A30A2A941FB}"
EndProject
Global
	GlobalSection(SolutionConfigurationPlatforms) = preSolution
		Debug|Any CPU = Debug|Any CPU
		Release|Any CPU = Release|Any CPU
	EndGlobalSection
	GlobalSection(ProjectConfigurationPlatforms) = postSolution
		{B28A16A8-E9D6-44A1-BB27-2A30A2A941FB}.Debug|Any CPU.ActiveCfg = Debug|Any CPU
		{B28A16A8-E9D6-44A1-BB27-2A30A2A941FB}.Debug|Any CPU.Build.0 = Debug|Any CPU
		{B28A16A8-E9D6-44A1-BB27-2A30A2A941FB}.Release|Any CPU.ActiveCfg = Release|Any CPU
		{B28A16A8-E9D6-44A1-BB27-2A30A2A941FB}.Release|Any CPU.Build.0 = Release|Any CPU
	EndGlobalSection
	GlobalSection(SolutionProperties) = preSolution
		HideSolutionNode = FALSE
	EndGlobalSection
	GlobalSection(ExtensibilityGlobals) = postSolution
		SolutionGuid = {147BC007-C26A-4DE4-AF92-26117A1869D7}
	EndGlobalSection
EndGlobal
